{
	"name": "pf2ools-data",
	"version": "0.0.1",
	"lockfileVersion": 3,
	"requires": true,
	"packages": {
		"": {
			"name": "pf2ools-data",
			"version": "0.0.1",
			"license": "MIT",
			"devDependencies": {
				"chalk": "^5.4.1",
				"commander": "^14.0.1",
				"prettier": "^3.6.2"
			}
		},
		"node_modules/chalk": {
			"version": "5.4.1",
			"resolved": "https://registry.npmjs.org/chalk/-/chalk-5.4.1.tgz",
			"integrity": "sha512-zgVZuo2WcZgfUEmsn6eO3kINexW8RAE4maiQ8QNs8CtpPCSyMiYsULR3HQYkm3w8FIA3SberyMJMSldGsW+U3w==",
			"dev": true,
			"engines": {
				"node": "^12.17.0 || ^14.13 || >=16.0.0"
			},
			"funding": {
				"url": "https://github.com/chalk/chalk?sponsor=1"
			}
		},
		"node_modules/commander": {
			"version": "14.0.1",
			"resolved": "https://registry.npmjs.org/commander/-/commander-14.0.1.tgz",
			"integrity": "sha512-2JkV3gUZUVrbNA+1sjBOYLsMZ5cEEl8GTFP2a4AVz5hvasAMCQ1D2l2le/cX+pV4N6ZU17zjUahLpIXRrnWL8A==",
			"dev": true,
			"license": "MIT",
			"engines": {
				"node": ">=20"
			}
		},
		"node_modules/prettier": {
			"version": "3.6.2",
			"resolved": "https://registry.npmjs.org/prettier/-/prettier-3.6.2.tgz",
			"integrity": "sha512-I7AIg5boAr5R0FFtJ6rCfD+LFsWHp81dolrFD8S79U9tb8Az2nGrJncnMSnys+bpQJfRUzqs9hnA81OAA3hCuQ==",
			"dev": true,
			"bin": {
				"prettier": "bin/prettier.cjs"
			},
			"engines": {
				"node": ">=14"
			},
			"funding": {
				"url": "https://github.com/prettier/prettier?sponsor=1"
			}
		}
	}
}
